
Microsoft Visual Studio Solution File, Format Version 12.00
# Visual Studio Version 17
VisualStudioVersion = 17.2.32630.192
MinimumVisualStudioVersion = 10.0.40219.1
Project("{9A19103F-16F7-4668-BE54-9A1E7A4F7556}") = "WebApplication1", "WebApplication1\WebApplication1.csproj", "{622CECA5-1E06-423B-8C1D-3E648F288659}"
EndProject
Global
	GlobalSection(SolutionConfigurationPlatforms) = preSolution
		Debug|Any CPU = Debug|Any CPU
		Release|Any CPU = Release|Any CPU
	EndGlobalSection
	GlobalSection(ProjectConfigurationPlatforms) = postSolution
		{622CECA5-1E06-423B-8C1D-3E648F288659}.Debug|Any CPU.ActiveCfg = Debug|Any CPU
		{622CECA5-1E06-423B-8C1D-3E648F288659}.Debug|Any CPU.Build.0 = Debug|Any CPU
		{622CECA5-1E06-423B-8C1D-3E648F288659}.Release|Any CPU.ActiveCfg = Release|Any CPU
		{622CECA5-1E06-423B-8C1D-3E648F288659}.Release|Any CPU.Build.0 = Release|Any CPU
	EndGlobalSection
	GlobalSection(SolutionProperties) = preSolution
		HideSolutionNode = FALSE
	EndGlobalSection
	GlobalSection(ExtensibilityGlobals) = postSolution
		SolutionGuid = {FDA84D09-385B-43E6-870B-213AB848A3CC}
	EndGlobalSection
EndGlobal
